// !$*UTF8*$!
{
	archiveVersion = 1;
	classes = {
	};
	objectVersion = 48;
	objects = {

/* Begin PBXBuildFile section */
		78294C5220638C36002AD5A7 /* AppDelegate.swift in Sources */ = {isa = PBXBuildFile; fileRef = 78294C5120638C36002AD5A7 /* AppDelegate.swift */; };
		78294C5920638C36002AD5A7 /* Assets.xcassets in Resources */ = {isa = PBXBuildFile; fileRef = 78294C5820638C36002AD5A7 /* Assets.xcassets */; };
		78294C5C20638C36002AD5A7 /* LaunchScreen.storyboard in Resources */ = {isa = PBXBuildFile; fileRef = 78294C5A20638C36002AD5A7 /* LaunchScreen.storyboard */; };
		78294C7720638CB7002AD5A7 /* Array+Extension.swift in Sources */ = {isa = PBXBuildFile; fileRef = 78294C6520638CB7002AD5A7 /* Array+Extension.swift */; };
		78294C7820638CB7002AD5A7 /* Collection+Extension.swift in Sources */ = {isa = PBXBuildFile; fileRef = 78294C6620638CB7002AD5A7 /* Collection+Extension.swift */; };
		78294C7920638CB7002AD5A7 /* Date+Extension.swift in Sources */ = {isa = PBXBuildFile; fileRef = 78294C6720638CB7002AD5A7 /* Date+Extension.swift */; };
		78294C7B20638CB7002AD5A7 /* String+Extension.swift in Sources */ = {isa = PBXBuildFile; fileRef = 78294C6920638CB7002AD5A7 /* String+Extension.swift */; };
		78294C7C20638CB7002AD5A7 /* UIAlertController+Extensions.swift in Sources */ = {isa = PBXBuildFile; fileRef = 78294C6B20638CB7002AD5A7 /* UIAlertController+Extensions.swift */; };
		78294C7D20638CB7002AD5A7 /* UIColor+Extension.swift in Sources */ = {isa = PBXBuildFile; fileRef = 78294C6C20638CB7002AD5A7 /* UIColor+Extension.swift */; };
		78294C7E20638CB7002AD5A7 /* UIDevice+Extension.swift in Sources */ = {isa = PBXBuildFile; fileRef = 78294C6D20638CB7002AD5A7 /* UIDevice+Extension.swift */; };
		78294C8020638CB7002AD5A7 /* UIImageView+Extension.swift in Sources */ = {isa = PBXBuildFile; fileRef = 78294C6F20638CB7002AD5A7 /* UIImageView+Extension.swift */; };
		78294C8220638CB7002AD5A7 /* UINavigationController+Extensions.swift in Sources */ = {isa = PBXBuildFile; fileRef = 78294C7120638CB7002AD5A7 /* UINavigationController+Extensions.swift */; };
		78294C8320638CB7002AD5A7 /* UIStoryboard+Extension.swift in Sources */ = {isa = PBXBuildFile; fileRef = 78294C7220638CB7002AD5A7 /* UIStoryboard+Extension.swift */; };
		78294C8420638CB7002AD5A7 /* UIView+Extension.swift in Sources */ = {isa = PBXBuildFile; fileRef = 78294C7320638CB7002AD5A7 /* UIView+Extension.swift */; };
		78294C8520638CB7002AD5A7 /* UIViewController+Extension.swift in Sources */ = {isa = PBXBuildFile; fileRef = 78294C7420638CB7002AD5A7 /* UIViewController+Extension.swift */; };
		78294C8620638CB7002AD5A7 /* UIViewController+Keyboard.swift in Sources */ = {isa = PBXBuildFile; fileRef = 78294C7520638CB7002AD5A7 /* UIViewController+Keyboard.swift */; };
		78294C8720638CB7002AD5A7 /* UIWindows+Extension.swift in Sources */ = {isa = PBXBuildFile; fileRef = 78294C7620638CB7002AD5A7 /* UIWindows+Extension.swift */; };
		78294CA120638D44002AD5A7 /* FSE+Array.swift in Sources */ = {isa = PBXBuildFile; fileRef = 78294C8B20638D44002AD5A7 /* FSE+Array.swift */; };
		78294CA220638D44002AD5A7 /* FSE+Dictionary.swift in Sources */ = {isa = PBXBuildFile; fileRef = 78294C8C20638D44002AD5A7 /* FSE+Dictionary.swift */; };
		78294CA320638D44002AD5A7 /* FSE+Double.swift in Sources */ = {isa = PBXBuildFile; fileRef = 78294C8D20638D44002AD5A7 /* FSE+Double.swift */; };
		78294CA420638D44002AD5A7 /* FSE+Enumerations.swift in Sources */ = {isa = PBXBuildFile; fileRef = 78294C8E20638D44002AD5A7 /* FSE+Enumerations.swift */; };
		78294CA520638D44002AD5A7 /* FSE+NSDate.swift in Sources */ = {isa = PBXBuildFile; fileRef = 78294C8F20638D44002AD5A7 /* FSE+NSDate.swift */; };
		78294CA620638D44002AD5A7 /* FSE+NSObject.swift in Sources */ = {isa = PBXBuildFile; fileRef = 78294C9020638D44002AD5A7 /* FSE+NSObject.swift */; };
		78294CA720638D44002AD5A7 /* FSE+String.swift in Sources */ = {isa = PBXBuildFile; fileRef = 78294C9120638D44002AD5A7 /* FSE+String.swift */; };
		78294CA820638D44002AD5A7 /* FSE+UIAlertView.swift in Sources */ = {isa = PBXBuildFile; fileRef = 78294C9220638D44002AD5A7 /* FSE+UIAlertView.swift */; };
		78294CA920638D44002AD5A7 /* FSE+UIButton.swift in Sources */ = {isa = PBXBuildFile; fileRef = 78294C9320638D44002AD5A7 /* FSE+UIButton.swift */; };
		78294CAA20638D44002AD5A7 /* FSE+UIColor.swift in Sources */ = {isa = PBXBuildFile; fileRef = 78294C9420638D44002AD5A7 /* FSE+UIColor.swift */; };
		78294CAB20638D44002AD5A7 /* FSE+UIImage.swift in Sources */ = {isa = PBXBuildFile; fileRef = 78294C9520638D44002AD5A7 /* FSE+UIImage.swift */; };
		78294CAC20638D44002AD5A7 /* FSE+UIScrollView.swift in Sources */ = {isa = PBXBuildFile; fileRef = 78294C9620638D44002AD5A7 /* FSE+UIScrollView.swift */; };
		78294CAD20638D44002AD5A7 /* FSE+UITableView.swift in Sources */ = {isa = PBXBuildFile; fileRef = 78294C9720638D44002AD5A7 /* FSE+UITableView.swift */; };
		78294CAE20638D44002AD5A7 /* FSE+UITextField.swift in Sources */ = {isa = PBXBuildFile; fileRef = 78294C9820638D44002AD5A7 /* FSE+UITextField.swift */; };
		78294CAF20638D44002AD5A7 /* FSE+UITextView.swift in Sources */ = {isa = PBXBuildFile; fileRef = 78294C9920638D44002AD5A7 /* FSE+UITextView.swift */; };
		78294CB020638D44002AD5A7 /* FSE+UIView.swift in Sources */ = {isa = PBXBuildFile; fileRef = 78294C9A20638D44002AD5A7 /* FSE+UIView.swift */; };
		78294CB120638D44002AD5A7 /* FSHelpers.swift in Sources */ = {isa = PBXBuildFile; fileRef = 78294C9B20638D44002AD5A7 /* FSHelpers.swift */; };
		78294CB220638D44002AD5A7 /* FSHelpersAutolayout.swift in Sources */ = {isa = PBXBuildFile; fileRef = 78294C9C20638D44002AD5A7 /* FSHelpersAutolayout.swift */; };
		78294CB320638D44002AD5A7 /* FSKeyboardScrollSupport.swift in Sources */ = {isa = PBXBuildFile; fileRef = 78294C9E20638D44002AD5A7 /* FSKeyboardScrollSupport.swift */; };
		78294CB420638D44002AD5A7 /* Logger.swift in Sources */ = {isa = PBXBuildFile; fileRef = 78294CA020638D44002AD5A7 /* Logger.swift */; };
		78294CB720638D7E002AD5A7 /* BaseViewController.swift in Sources */ = {isa = PBXBuildFile; fileRef = 78294CB620638D7E002AD5A7 /* BaseViewController.swift */; };
		78294CBE20639200002AD5A7 /* ReachabilityManager.swift in Sources */ = {isa = PBXBuildFile; fileRef = 78294CBA20639200002AD5A7 /* ReachabilityManager.swift */; };
		78294CBF20639200002AD5A7 /* AccessTokenAdapter.swift in Sources */ = {isa = PBXBuildFile; fileRef = 78294CBB20639200002AD5A7 /* AccessTokenAdapter.swift */; };
		78294CC020639200002AD5A7 /* APIError.swift in Sources */ = {isa = PBXBuildFile; fileRef = 78294CBC20639200002AD5A7 /* APIError.swift */; };
		78294CC120639200002AD5A7 /* APIRequest.swift in Sources */ = {isa = PBXBuildFile; fileRef = 78294CBD20639200002AD5A7 /* APIRequest.swift */; };
		78294CD22063946E002AD5A7 /* ApperanceProxyHelper.swift in Sources */ = {isa = PBXBuildFile; fileRef = 78294CCE2063946E002AD5A7 /* ApperanceProxyHelper.swift */; };
		78294CD32063946E002AD5A7 /* ColorPalette.swift in Sources */ = {isa = PBXBuildFile; fileRef = 78294CCF2063946E002AD5A7 /* ColorPalette.swift */; };
		78294CD42063946E002AD5A7 /* KeychainHelper.swift in Sources */ = {isa = PBXBuildFile; fileRef = 78294CD02063946E002AD5A7 /* KeychainHelper.swift */; };
		78294CD52063946E002AD5A7 /* Utils.swift in Sources */ = {isa = PBXBuildFile; fileRef = 78294CD12063946E002AD5A7 /* Utils.swift */; };
		78294CD72063977E002AD5A7 /* APIModel.swift in Sources */ = {isa = PBXBuildFile; fileRef = 78294CD62063977E002AD5A7 /* APIModel.swift */; };
		78294CDA206397C5002AD5A7 /* ErrorResponseModel.swift in Sources */ = {isa = PBXBuildFile; fileRef = 78294CD9206397C5002AD5A7 /* ErrorResponseModel.swift */; };
		78294CDC206397F5002AD5A7 /* FieldError.swift in Sources */ = {isa = PBXBuildFile; fileRef = 78294CDB206397F5002AD5A7 /* FieldError.swift */; };
		78294CDE206398CC002AD5A7 /* MyApplication.swift in Sources */ = {isa = PBXBuildFile; fileRef = 78294CDD206398CC002AD5A7 /* MyApplication.swift */; };
		78294CE1206399C4002AD5A7 /* UserDefaultManager.swift in Sources */ = {isa = PBXBuildFile; fileRef = 78294CE0206399C4002AD5A7 /* UserDefaultManager.swift */; };
		78294CE820639E69002AD5A7 /* Constants.swift in Sources */ = {isa = PBXBuildFile; fileRef = 78294CE720639E69002AD5A7 /* Constants.swift */; };
		78294CEB20639F8F002AD5A7 /* TaskRouter.swift in Sources */ = {isa = PBXBuildFile; fileRef = 78294CEA20639F8F002AD5A7 /* TaskRouter.swift */; };
		783321D3207F492B00E94998 /* TaskService.swift in Sources */ = {isa = PBXBuildFile; fileRef = 783321D2207F492B00E94998 /* TaskService.swift */; };
		783321D5207F495B00E94998 /* RequestModel.swift in Sources */ = {isa = PBXBuildFile; fileRef = 783321D4207F495B00E94998 /* RequestModel.swift */; };
		783321D7207F49AF00E94998 /* TaskListRequestModel.swift in Sources */ = {isa = PBXBuildFile; fileRef = 783321D6207F49AF00E94998 /* TaskListRequestModel.swift */; };
		783321DB207F4AAC00E94998 /* TasksListResponseModel.swift in Sources */ = {isa = PBXBuildFile; fileRef = 783321DA207F4AAC00E94998 /* TasksListResponseModel.swift */; };
		783321E0207F508900E94998 /* InfoView.swift in Sources */ = {isa = PBXBuildFile; fileRef = 783321DE207F508900E94998 /* InfoView.swift */; };
		783321E1207F508900E94998 /* InfoView.xib in Resources */ = {isa = PBXBuildFile; fileRef = 783321DF207F508900E94998 /* InfoView.xib */; };
		783321E32080695400E94998 /* APIClient.swift in Sources */ = {isa = PBXBuildFile; fileRef = 783321E22080695400E94998 /* APIClient.swift */; };
		783321E620806E1300E94998 /* TestViewController.storyboard in Resources */ = {isa = PBXBuildFile; fileRef = 783321E520806E1300E94998 /* TestViewController.storyboard */; };
		783321E820806E2E00E94998 /* TestViewController.swift in Sources */ = {isa = PBXBuildFile; fileRef = 783321E720806E2E00E94998 /* TestViewController.swift */; };
		9301B5F0A6A245E82F03CCB9 /* Pods_SwiftBaseProject.framework in Frameworks */ = {isa = PBXBuildFile; fileRef = A01106B8D18CE33BD6A4D7CE /* Pods_SwiftBaseProject.framework */; };
/* End PBXBuildFile section */

/* Begin PBXFileReference section */
		3E980DD57A44AC43E81CECDD /* Pods-SwiftBaseProject.debug.xcconfig */ = {isa = PBXFileReference; includeInIndex = 1; lastKnownFileType = text.xcconfig; name = "Pods-SwiftBaseProject.debug.xcconfig"; path = "Pods/Target Support Files/Pods-SwiftBaseProject/Pods-SwiftBaseProject.debug.xcconfig"; sourceTree = "<group>"; };
		78294C4E20638C36002AD5A7 /* SwiftBaseProject.app */ = {isa = PBXFileReference; explicitFileType = wrapper.application; includeInIndex = 0; path = SwiftBaseProject.app; sourceTree = BUILT_PRODUCTS_DIR; };
		78294C5120638C36002AD5A7 /* AppDelegate.swift */ = {isa = PBXFileReference; lastKnownFileType = sourcecode.swift; path = AppDelegate.swift; sourceTree = "<group>"; };
		78294C5820638C36002AD5A7 /* Assets.xcassets */ = {isa = PBXFileReference; lastKnownFileType = folder.assetcatalog; path = Assets.xcassets; sourceTree = "<group>"; };
		78294C5B20638C36002AD5A7 /* Base */ = {isa = PBXFileReference; lastKnownFileType = file.storyboard; name = Base; path = Base.lproj/LaunchScreen.storyboard; sourceTree = "<group>"; };
		78294C5D20638C36002AD5A7 /* Info.plist */ = {isa = PBXFileReference; lastKnownFileType = text.plist.xml; path = Info.plist; sourceTree = "<group>"; };
		78294C6520638CB7002AD5A7 /* Array+Extension.swift */ = {isa = PBXFileReference; fileEncoding = 4; lastKnownFileType = sourcecode.swift; path = "Array+Extension.swift"; sourceTree = "<group>"; };
		78294C6620638CB7002AD5A7 /* Collection+Extension.swift */ = {isa = PBXFileReference; fileEncoding = 4; lastKnownFileType = sourcecode.swift; path = "Collection+Extension.swift"; sourceTree = "<group>"; };
		78294C6720638CB7002AD5A7 /* Date+Extension.swift */ = {isa = PBXFileReference; fileEncoding = 4; lastKnownFileType = sourcecode.swift; path = "Date+Extension.swift"; sourceTree = "<group>"; };
		78294C6920638CB7002AD5A7 /* String+Extension.swift */ = {isa = PBXFileReference; fileEncoding = 4; lastKnownFileType = sourcecode.swift; path = "String+Extension.swift"; sourceTree = "<group>"; };
		78294C6B20638CB7002AD5A7 /* UIAlertController+Extensions.swift */ = {isa = PBXFileReference; fileEncoding = 4; lastKnownFileType = sourcecode.swift; path = "UIAlertController+Extensions.swift"; sourceTree = "<group>"; };
		78294C6C20638CB7002AD5A7 /* UIColor+Extension.swift */ = {isa = PBXFileReference; fileEncoding = 4; lastKnownFileType = sourcecode.swift; path = "UIColor+Extension.swift"; sourceTree = "<group>"; };
		78294C6D20638CB7002AD5A7 /* UIDevice+Extension.swift */ = {isa = PBXFileReference; fileEncoding = 4; lastKnownFileType = sourcecode.swift; path = "UIDevice+Extension.swift"; sourceTree = "<group>"; };
		78294C6F20638CB7002AD5A7 /* UIImageView+Extension.swift */ = {isa = PBXFileReference; fileEncoding = 4; lastKnownFileType = sourcecode.swift; path = "UIImageView+Extension.swift"; sourceTree = "<group>"; };
		78294C7120638CB7002AD5A7 /* UINavigationController+Extensions.swift */ = {isa = PBXFileReference; fileEncoding = 4; lastKnownFileType = sourcecode.swift; path = "UINavigationController+Extensions.swift"; sourceTree = "<group>"; };
		78294C7220638CB7002AD5A7 /* UIStoryboard+Extension.swift */ = {isa = PBXFileReference; fileEncoding = 4; lastKnownFileType = sourcecode.swift; path = "UIStoryboard+Extension.swift"; sourceTree = "<group>"; };
		78294C7320638CB7002AD5A7 /* UIView+Extension.swift */ = {isa = PBXFileReference; fileEncoding = 4; lastKnownFileType = sourcecode.swift; path = "UIView+Extension.swift"; sourceTree = "<group>"; };
		78294C7420638CB7002AD5A7 /* UIViewController+Extension.swift */ = {isa = PBXFileReference; fileEncoding = 4; lastKnownFileType = sourcecode.swift; path = "UIViewController+Extension.swift"; sourceTree = "<group>"; };
		78294C7520638CB7002AD5A7 /* UIViewController+Keyboard.swift */ = {isa = PBXFileReference; fileEncoding = 4; lastKnownFileType = sourcecode.swift; path = "UIViewController+Keyboard.swift"; sourceTree = "<group>"; };
		78294C7620638CB7002AD5A7 /* UIWindows+Extension.swift */ = {isa = PBXFileReference; fileEncoding = 4; lastKnownFileType = sourcecode.swift; path = "UIWindows+Extension.swift"; sourceTree = "<group>"; };
		78294C8B20638D44002AD5A7 /* FSE+Array.swift */ = {isa = PBXFileReference; fileEncoding = 4; lastKnownFileType = sourcecode.swift; path = "FSE+Array.swift"; sourceTree = "<group>"; };
		78294C8C20638D44002AD5A7 /* FSE+Dictionary.swift */ = {isa = PBXFileReference; fileEncoding = 4; lastKnownFileType = sourcecode.swift; path = "FSE+Dictionary.swift"; sourceTree = "<group>"; };
		78294C8D20638D44002AD5A7 /* FSE+Double.swift */ = {isa = PBXFileReference; fileEncoding = 4; lastKnownFileType = sourcecode.swift; path = "FSE+Double.swift"; sourceTree = "<group>"; };
		78294C8E20638D44002AD5A7 /* FSE+Enumerations.swift */ = {isa = PBXFileReference; fileEncoding = 4; lastKnownFileType = sourcecode.swift; path = "FSE+Enumerations.swift"; sourceTree = "<group>"; };
		78294C8F20638D44002AD5A7 /* FSE+NSDate.swift */ = {isa = PBXFileReference; fileEncoding = 4; lastKnownFileType = sourcecode.swift; path = "FSE+NSDate.swift"; sourceTree = "<group>"; };
		78294C9020638D44002AD5A7 /* FSE+NSObject.swift */ = {isa = PBXFileReference; fileEncoding = 4; lastKnownFileType = sourcecode.swift; path = "FSE+NSObject.swift"; sourceTree = "<group>"; };
		78294C9120638D44002AD5A7 /* FSE+String.swift */ = {isa = PBXFileReference; fileEncoding = 4; lastKnownFileType = sourcecode.swift; path = "FSE+String.swift"; sourceTree = "<group>"; };
		78294C9220638D44002AD5A7 /* FSE+UIAlertView.swift */ = {isa = PBXFileReference; fileEncoding = 4; lastKnownFileType = sourcecode.swift; path = "FSE+UIAlertView.swift"; sourceTree = "<group>"; };
		78294C9320638D44002AD5A7 /* FSE+UIButton.swift */ = {isa = PBXFileReference; fileEncoding = 4; lastKnownFileType = sourcecode.swift; path = "FSE+UIButton.swift"; sourceTree = "<group>"; };
		78294C9420638D44002AD5A7 /* FSE+UIColor.swift */ = {isa = PBXFileReference; fileEncoding = 4; lastKnownFileType = sourcecode.swift; path = "FSE+UIColor.swift"; sourceTree = "<group>"; };
		78294C9520638D44002AD5A7 /* FSE+UIImage.swift */ = {isa = PBXFileReference; fileEncoding = 4; lastKnownFileType = sourcecode.swift; path = "FSE+UIImage.swift"; sourceTree = "<group>"; };
		78294C9620638D44002AD5A7 /* FSE+UIScrollView.swift */ = {isa = PBXFileReference; fileEncoding = 4; lastKnownFileType = sourcecode.swift; path = "FSE+UIScrollView.swift"; sourceTree = "<group>"; };
		78294C9720638D44002AD5A7 /* FSE+UITableView.swift */ = {isa = PBXFileReference; fileEncoding = 4; lastKnownFileType = sourcecode.swift; path = "FSE+UITableView.swift"; sourceTree = "<group>"; };
		78294C9820638D44002AD5A7 /* FSE+UITextField.swift */ = {isa = PBXFileReference; fileEncoding = 4; lastKnownFileType = sourcecode.swift; path = "FSE+UITextField.swift"; sourceTree = "<group>"; };
		78294C9920638D44002AD5A7 /* FSE+UITextView.swift */ = {isa = PBXFileReference; fileEncoding = 4; lastKnownFileType = sourcecode.swift; path = "FSE+UITextView.swift"; sourceTree = "<group>"; };
		78294C9A20638D44002AD5A7 /* FSE+UIView.swift */ = {isa = PBXFileReference; fileEncoding = 4; lastKnownFileType = sourcecode.swift; path = "FSE+UIView.swift"; sourceTree = "<group>"; };
		78294C9B20638D44002AD5A7 /* FSHelpers.swift */ = {isa = PBXFileReference; fileEncoding = 4; lastKnownFileType = sourcecode.swift; path = FSHelpers.swift; sourceTree = "<group>"; };
		78294C9C20638D44002AD5A7 /* FSHelpersAutolayout.swift */ = {isa = PBXFileReference; fileEncoding = 4; lastKnownFileType = sourcecode.swift; path = FSHelpersAutolayout.swift; sourceTree = "<group>"; };
		78294C9E20638D44002AD5A7 /* FSKeyboardScrollSupport.swift */ = {isa = PBXFileReference; fileEncoding = 4; lastKnownFileType = sourcecode.swift; path = FSKeyboardScrollSupport.swift; sourceTree = "<group>"; };
		78294CA020638D44002AD5A7 /* Logger.swift */ = {isa = PBXFileReference; fileEncoding = 4; lastKnownFileType = sourcecode.swift; path = Logger.swift; sourceTree = "<group>"; };
		78294CB620638D7E002AD5A7 /* BaseViewController.swift */ = {isa = PBXFileReference; lastKnownFileType = sourcecode.swift; path = BaseViewController.swift; sourceTree = "<group>"; };
		78294CBA20639200002AD5A7 /* ReachabilityManager.swift */ = {isa = PBXFileReference; fileEncoding = 4; lastKnownFileType = sourcecode.swift; path = ReachabilityManager.swift; sourceTree = "<group>"; };
		78294CBB20639200002AD5A7 /* AccessTokenAdapter.swift */ = {isa = PBXFileReference; fileEncoding = 4; lastKnownFileType = sourcecode.swift; path = AccessTokenAdapter.swift; sourceTree = "<group>"; };
		78294CBC20639200002AD5A7 /* APIError.swift */ = {isa = PBXFileReference; fileEncoding = 4; lastKnownFileType = sourcecode.swift; path = APIError.swift; sourceTree = "<group>"; };
		78294CBD20639200002AD5A7 /* APIRequest.swift */ = {isa = PBXFileReference; fileEncoding = 4; lastKnownFileType = sourcecode.swift; path = APIRequest.swift; sourceTree = "<group>"; };
		78294CCE2063946E002AD5A7 /* ApperanceProxyHelper.swift */ = {isa = PBXFileReference; fileEncoding = 4; lastKnownFileType = sourcecode.swift; path = ApperanceProxyHelper.swift; sourceTree = "<group>"; };
		78294CCF2063946E002AD5A7 /* ColorPalette.swift */ = {isa = PBXFileReference; fileEncoding = 4; lastKnownFileType = sourcecode.swift; path = ColorPalette.swift; sourceTree = "<group>"; };
		78294CD02063946E002AD5A7 /* KeychainHelper.swift */ = {isa = PBXFileReference; fileEncoding = 4; lastKnownFileType = sourcecode.swift; path = KeychainHelper.swift; sourceTree = "<group>"; };
		78294CD12063946E002AD5A7 /* Utils.swift */ = {isa = PBXFileReference; fileEncoding = 4; lastKnownFileType = sourcecode.swift; path = Utils.swift; sourceTree = "<group>"; };
		78294CD62063977E002AD5A7 /* APIModel.swift */ = {isa = PBXFileReference; lastKnownFileType = sourcecode.swift; path = APIModel.swift; sourceTree = "<group>"; };
		78294CD9206397C5002AD5A7 /* ErrorResponseModel.swift */ = {isa = PBXFileReference; lastKnownFileType = sourcecode.swift; path = ErrorResponseModel.swift; sourceTree = "<group>"; };
		78294CDB206397F5002AD5A7 /* FieldError.swift */ = {isa = PBXFileReference; lastKnownFileType = sourcecode.swift; path = FieldError.swift; sourceTree = "<group>"; };
		78294CDD206398CC002AD5A7 /* MyApplication.swift */ = {isa = PBXFileReference; lastKnownFileType = sourcecode.swift; path = MyApplication.swift; sourceTree = "<group>"; };
		78294CE0206399C4002AD5A7 /* UserDefaultManager.swift */ = {isa = PBXFileReference; lastKnownFileType = sourcecode.swift; path = UserDefaultManager.swift; sourceTree = "<group>"; };
		78294CE720639E69002AD5A7 /* Constants.swift */ = {isa = PBXFileReference; lastKnownFileType = sourcecode.swift; path = Constants.swift; sourceTree = "<group>"; };
		78294CEA20639F8F002AD5A7 /* TaskRouter.swift */ = {isa = PBXFileReference; fileEncoding = 4; lastKnownFileType = sourcecode.swift; path = TaskRouter.swift; sourceTree = "<group>"; };
		783321D2207F492B00E94998 /* TaskService.swift */ = {isa = PBXFileReference; lastKnownFileType = sourcecode.swift; path = TaskService.swift; sourceTree = "<group>"; };
		783321D4207F495B00E94998 /* RequestModel.swift */ = {isa = PBXFileReference; lastKnownFileType = sourcecode.swift; path = RequestModel.swift; sourceTree = "<group>"; };
		783321D6207F49AF00E94998 /* TaskListRequestModel.swift */ = {isa = PBXFileReference; lastKnownFileType = sourcecode.swift; path = TaskListRequestModel.swift; sourceTree = "<group>"; };
		783321DA207F4AAC00E94998 /* TasksListResponseModel.swift */ = {isa = PBXFileReference; lastKnownFileType = sourcecode.swift; path = TasksListResponseModel.swift; sourceTree = "<group>"; };
		783321DE207F508900E94998 /* InfoView.swift */ = {isa = PBXFileReference; fileEncoding = 4; lastKnownFileType = sourcecode.swift; path = InfoView.swift; sourceTree = "<group>"; };
		783321DF207F508900E94998 /* InfoView.xib */ = {isa = PBXFileReference; fileEncoding = 4; lastKnownFileType = file.xib; path = InfoView.xib; sourceTree = "<group>"; };
		783321E22080695400E94998 /* APIClient.swift */ = {isa = PBXFileReference; lastKnownFileType = sourcecode.swift; path = APIClient.swift; sourceTree = "<group>"; };
		783321E520806E1300E94998 /* TestViewController.storyboard */ = {isa = PBXFileReference; lastKnownFileType = file.storyboard; path = TestViewController.storyboard; sourceTree = "<group>"; };
		783321E720806E2E00E94998 /* TestViewController.swift */ = {isa = PBXFileReference; lastKnownFileType = sourcecode.swift; path = TestViewController.swift; sourceTree = "<group>"; };
		79A2F0EEA169101479450D39 /* Pods-SwiftBaseProject.staging.xcconfig */ = {isa = PBXFileReference; includeInIndex = 1; lastKnownFileType = text.xcconfig; name = "Pods-SwiftBaseProject.staging.xcconfig"; path = "Pods/Target Support Files/Pods-SwiftBaseProject/Pods-SwiftBaseProject.staging.xcconfig"; sourceTree = "<group>"; };
		805524EA637782B237CB90E1 /* Pods-SwiftBaseProject.release.xcconfig */ = {isa = PBXFileReference; includeInIndex = 1; lastKnownFileType = text.xcconfig; name = "Pods-SwiftBaseProject.release.xcconfig"; path = "Pods/Target Support Files/Pods-SwiftBaseProject/Pods-SwiftBaseProject.release.xcconfig"; sourceTree = "<group>"; };
		A01106B8D18CE33BD6A4D7CE /* Pods_SwiftBaseProject.framework */ = {isa = PBXFileReference; explicitFileType = wrapper.framework; includeInIndex = 0; path = Pods_SwiftBaseProject.framework; sourceTree = BUILT_PRODUCTS_DIR; };
/* End PBXFileReference section */

/* Begin PBXFrameworksBuildPhase section */
		78294C4B20638C36002AD5A7 /* Frameworks */ = {
			isa = PBXFrameworksBuildPhase;
			buildActionMask = 2147483647;
			files = (
				9301B5F0A6A245E82F03CCB9 /* Pods_SwiftBaseProject.framework in Frameworks */,
			);
			runOnlyForDeploymentPostprocessing = 0;
		};
/* End PBXFrameworksBuildPhase section */

/* Begin PBXGroup section */
		78294C4520638C36002AD5A7 = {
			isa = PBXGroup;
			children = (
				78294C5020638C36002AD5A7 /* SwiftBaseProject */,
				78294C4F20638C36002AD5A7 /* Products */,
				D457B32EA675CEC5B5B0428E /* Pods */,
				F4C02ED0C500ECFFF87010DB /* Frameworks */,
			);
			sourceTree = "<group>";
		};
		78294C4F20638C36002AD5A7 /* Products */ = {
			isa = PBXGroup;
			children = (
				78294C4E20638C36002AD5A7 /* SwiftBaseProject.app */,
			);
			name = Products;
			sourceTree = "<group>";
		};
		78294C5020638C36002AD5A7 /* SwiftBaseProject */ = {
			isa = PBXGroup;
			children = (
				783321DC207F507300E94998 /* UI */,
				78C4A0D62077368400B3F599 /* Protocols */,
				78294CE620639E5B002AD5A7 /* Constants */,
				78294CD8206397BC002AD5A7 /* Models */,
				78294CCD2063946E002AD5A7 /* Utils */,
				78294CB820638D8B002AD5A7 /* Networking */,
				78294CB520638D63002AD5A7 /* Controllers */,
				78294C8820638D03002AD5A7 /* 3rdLibraries */,
				78294C6420638CB7002AD5A7 /* Extensions */,
				78294C6320638C67002AD5A7 /* Supporting */,
			);
			path = SwiftBaseProject;
			sourceTree = "<group>";
		};
		78294C6320638C67002AD5A7 /* Supporting */ = {
			isa = PBXGroup;
			children = (
				78294CDF206399A8002AD5A7 /* Manager */,
				78294C5820638C36002AD5A7 /* Assets.xcassets */,
				78294C5A20638C36002AD5A7 /* LaunchScreen.storyboard */,
				78294C5D20638C36002AD5A7 /* Info.plist */,
				78294C5120638C36002AD5A7 /* AppDelegate.swift */,
			);
			path = Supporting;
			sourceTree = "<group>";
		};
		78294C6420638CB7002AD5A7 /* Extensions */ = {
			isa = PBXGroup;
			children = (
				78294C6520638CB7002AD5A7 /* Array+Extension.swift */,
				78294C6620638CB7002AD5A7 /* Collection+Extension.swift */,
				78294C6720638CB7002AD5A7 /* Date+Extension.swift */,
				78294C6920638CB7002AD5A7 /* String+Extension.swift */,
				78294C6A20638CB7002AD5A7 /* UIKit */,
			);
			path = Extensions;
			sourceTree = "<group>";
		};
		78294C6A20638CB7002AD5A7 /* UIKit */ = {
			isa = PBXGroup;
			children = (
				78294C6B20638CB7002AD5A7 /* UIAlertController+Extensions.swift */,
				78294C6C20638CB7002AD5A7 /* UIColor+Extension.swift */,
				78294C6D20638CB7002AD5A7 /* UIDevice+Extension.swift */,
				78294C6F20638CB7002AD5A7 /* UIImageView+Extension.swift */,
				78294C7120638CB7002AD5A7 /* UINavigationController+Extensions.swift */,
				78294C7220638CB7002AD5A7 /* UIStoryboard+Extension.swift */,
				78294C7320638CB7002AD5A7 /* UIView+Extension.swift */,
				78294C7420638CB7002AD5A7 /* UIViewController+Extension.swift */,
				78294C7520638CB7002AD5A7 /* UIViewController+Keyboard.swift */,
				78294C7620638CB7002AD5A7 /* UIWindows+Extension.swift */,
			);
			path = UIKit;
			sourceTree = "<group>";
		};
		78294C8820638D03002AD5A7 /* 3rdLibraries */ = {
			isa = PBXGroup;
			children = (
				78294C8920638D44002AD5A7 /* FSHelpers+Swift */,
				78294C9F20638D44002AD5A7 /* Logger */,
			);
			path = 3rdLibraries;
			sourceTree = "<group>";
		};
		78294C8920638D44002AD5A7 /* FSHelpers+Swift */ = {
			isa = PBXGroup;
			children = (
				78294C8A20638D44002AD5A7 /* FSExtensions */,
				78294C9B20638D44002AD5A7 /* FSHelpers.swift */,
				78294C9C20638D44002AD5A7 /* FSHelpersAutolayout.swift */,
				78294C9D20638D44002AD5A7 /* FSProtocols */,
			);
			path = "FSHelpers+Swift";
			sourceTree = "<group>";
		};
		78294C8A20638D44002AD5A7 /* FSExtensions */ = {
			isa = PBXGroup;
			children = (
				78294C8B20638D44002AD5A7 /* FSE+Array.swift */,
				78294C8C20638D44002AD5A7 /* FSE+Dictionary.swift */,
				78294C8D20638D44002AD5A7 /* FSE+Double.swift */,
				78294C8E20638D44002AD5A7 /* FSE+Enumerations.swift */,
				78294C8F20638D44002AD5A7 /* FSE+NSDate.swift */,
				78294C9020638D44002AD5A7 /* FSE+NSObject.swift */,
				78294C9120638D44002AD5A7 /* FSE+String.swift */,
				78294C9220638D44002AD5A7 /* FSE+UIAlertView.swift */,
				78294C9320638D44002AD5A7 /* FSE+UIButton.swift */,
				78294C9420638D44002AD5A7 /* FSE+UIColor.swift */,
				78294C9520638D44002AD5A7 /* FSE+UIImage.swift */,
				78294C9620638D44002AD5A7 /* FSE+UIScrollView.swift */,
				78294C9720638D44002AD5A7 /* FSE+UITableView.swift */,
				78294C9820638D44002AD5A7 /* FSE+UITextField.swift */,
				78294C9920638D44002AD5A7 /* FSE+UITextView.swift */,
				78294C9A20638D44002AD5A7 /* FSE+UIView.swift */,
			);
			path = FSExtensions;
			sourceTree = "<group>";
		};
		78294C9D20638D44002AD5A7 /* FSProtocols */ = {
			isa = PBXGroup;
			children = (
				78294C9E20638D44002AD5A7 /* FSKeyboardScrollSupport.swift */,
			);
			path = FSProtocols;
			sourceTree = "<group>";
		};
		78294C9F20638D44002AD5A7 /* Logger */ = {
			isa = PBXGroup;
			children = (
				78294CA020638D44002AD5A7 /* Logger.swift */,
			);
			path = Logger;
			sourceTree = "<group>";
		};
		78294CB520638D63002AD5A7 /* Controllers */ = {
			isa = PBXGroup;
			children = (
				783321E420806DF800E94998 /* TestViewController */,
				78294CB620638D7E002AD5A7 /* BaseViewController.swift */,
			);
			path = Controllers;
			sourceTree = "<group>";
		};
		78294CB820638D8B002AD5A7 /* Networking */ = {
			isa = PBXGroup;
			children = (
				78294CBB20639200002AD5A7 /* AccessTokenAdapter.swift */,
				78294CBC20639200002AD5A7 /* APIError.swift */,
				783321E22080695400E94998 /* APIClient.swift */,
				78294CBD20639200002AD5A7 /* APIRequest.swift */,
				78294CD62063977E002AD5A7 /* APIModel.swift */,
				78294CB920639200002AD5A7 /* ReachabilityManager */,
				783321D1207F490F00E94998 /* Services */,
				78294CE920639F83002AD5A7 /* Routers */,
			);
			path = Networking;
			sourceTree = "<group>";
		};
		78294CB920639200002AD5A7 /* ReachabilityManager */ = {
			isa = PBXGroup;
			children = (
				78294CBA20639200002AD5A7 /* ReachabilityManager.swift */,
			);
			path = ReachabilityManager;
			sourceTree = "<group>";
		};
		78294CCD2063946E002AD5A7 /* Utils */ = {
			isa = PBXGroup;
			children = (
				78294CCE2063946E002AD5A7 /* ApperanceProxyHelper.swift */,
				78294CCF2063946E002AD5A7 /* ColorPalette.swift */,
				78294CD02063946E002AD5A7 /* KeychainHelper.swift */,
				78294CD12063946E002AD5A7 /* Utils.swift */,
			);
			path = Utils;
			sourceTree = "<group>";
		};
		78294CD8206397BC002AD5A7 /* Models */ = {
			isa = PBXGroup;
			children = (
				783321D9207F4A9100E94998 /* ResponseModels */,
				783321D8207F4A8700E94998 /* RequestModels */,
				78294CD9206397C5002AD5A7 /* ErrorResponseModel.swift */,
				78294CDB206397F5002AD5A7 /* FieldError.swift */,
			);
			path = Models;
			sourceTree = "<group>";
		};
		78294CDF206399A8002AD5A7 /* Manager */ = {
			isa = PBXGroup;
			children = (
				78294CDD206398CC002AD5A7 /* MyApplication.swift */,
				78294CE0206399C4002AD5A7 /* UserDefaultManager.swift */,
			);
			path = Manager;
			sourceTree = "<group>";
		};
		78294CE620639E5B002AD5A7 /* Constants */ = {
			isa = PBXGroup;
			children = (
				78294CE720639E69002AD5A7 /* Constants.swift */,
			);
			path = Constants;
			sourceTree = "<group>";
		};
		78294CE920639F83002AD5A7 /* Routers */ = {
			isa = PBXGroup;
			children = (
				78294CEA20639F8F002AD5A7 /* TaskRouter.swift */,
			);
			path = Routers;
			sourceTree = "<group>";
		};
		783321D1207F490F00E94998 /* Services */ = {
			isa = PBXGroup;
			children = (
				783321D2207F492B00E94998 /* TaskService.swift */,
			);
			path = Services;
			sourceTree = "<group>";
		};
		783321D8207F4A8700E94998 /* RequestModels */ = {
			isa = PBXGroup;
			children = (
				783321D6207F49AF00E94998 /* TaskListRequestModel.swift */,
			);
			path = RequestModels;
			sourceTree = "<group>";
		};
		783321D9207F4A9100E94998 /* ResponseModels */ = {
			isa = PBXGroup;
			children = (
				783321DA207F4AAC00E94998 /* TasksListResponseModel.swift */,
			);
			path = ResponseModels;
			sourceTree = "<group>";
		};
		783321DC207F507300E94998 /* UI */ = {
			isa = PBXGroup;
			children = (
				783321DD207F508900E94998 /* InfoView */,
			);
			path = UI;
			sourceTree = "<group>";
		};
		783321DD207F508900E94998 /* InfoView */ = {
			isa = PBXGroup;
			children = (
				783321DE207F508900E94998 /* InfoView.swift */,
				783321DF207F508900E94998 /* InfoView.xib */,
			);
			path = InfoView;
			sourceTree = "<group>";
		};
		783321E420806DF800E94998 /* TestViewController */ = {
			isa = PBXGroup;
			children = (
				783321E520806E1300E94998 /* TestViewController.storyboard */,
				783321E720806E2E00E94998 /* TestViewController.swift */,
			);
			path = TestViewController;
			sourceTree = "<group>";
		};
		78C4A0D62077368400B3F599 /* Protocols */ = {
			isa = PBXGroup;
			children = (
				783321D4207F495B00E94998 /* RequestModel.swift */,
			);
			path = Protocols;
			sourceTree = "<group>";
		};
		D457B32EA675CEC5B5B0428E /* Pods */ = {
			isa = PBXGroup;
			children = (
				3E980DD57A44AC43E81CECDD /* Pods-SwiftBaseProject.debug.xcconfig */,
				805524EA637782B237CB90E1 /* Pods-SwiftBaseProject.release.xcconfig */,
				79A2F0EEA169101479450D39 /* Pods-SwiftBaseProject.staging.xcconfig */,
			);
			name = Pods;
			sourceTree = "<group>";
		};
		F4C02ED0C500ECFFF87010DB /* Frameworks */ = {
			isa = PBXGroup;
			children = (
				A01106B8D18CE33BD6A4D7CE /* Pods_SwiftBaseProject.framework */,
			);
			name = Frameworks;
			sourceTree = "<group>";
		};
/* End PBXGroup section */

/* Begin PBXNativeTarget section */
		78294C4D20638C36002AD5A7 /* SwiftBaseProject */ = {
			isa = PBXNativeTarget;
			buildConfigurationList = 78294C6020638C36002AD5A7 /* Build configuration list for PBXNativeTarget "SwiftBaseProject" */;
			buildPhases = (
				2BA43F0F25087BC6FEDBCD0B /* [CP] Check Pods Manifest.lock */,
				78294C4A20638C36002AD5A7 /* Sources */,
				78294C4B20638C36002AD5A7 /* Frameworks */,
				78294C4C20638C36002AD5A7 /* Resources */,
				1F663F7834D7D6E796573256 /* [CP] Embed Pods Frameworks */,
				A85390A29FD49C0DA3267655 /* [CP] Copy Pods Resources */,
			);
			buildRules = (
			);
			dependencies = (
			);
			name = SwiftBaseProject;
			productName = SwiftBaseProject;
			productReference = 78294C4E20638C36002AD5A7 /* SwiftBaseProject.app */;
			productType = "com.apple.product-type.application";
		};
/* End PBXNativeTarget section */

/* Begin PBXProject section */
		78294C4620638C36002AD5A7 /* Project object */ = {
			isa = PBXProject;
			attributes = {
				LastSwiftUpdateCheck = 0920;
				LastUpgradeCheck = 0920;
				ORGANIZATIONNAME = "Huy Lam";
				TargetAttributes = {
					78294C4D20638C36002AD5A7 = {
						CreatedOnToolsVersion = 9.2;
						ProvisioningStyle = Automatic;
					};
				};
			};
			buildConfigurationList = 78294C4920638C36002AD5A7 /* Build configuration list for PBXProject "SwiftBaseProject" */;
			compatibilityVersion = "Xcode 8.0";
			developmentRegion = en;
			hasScannedForEncodings = 0;
			knownRegions = (
				en,
				Base,
			);
			mainGroup = 78294C4520638C36002AD5A7;
			productRefGroup = 78294C4F20638C36002AD5A7 /* Products */;
			projectDirPath = "";
			projectRoot = "";
			targets = (
				78294C4D20638C36002AD5A7 /* SwiftBaseProject */,
			);
		};
/* End PBXProject section */

/* Begin PBXResourcesBuildPhase section */
		78294C4C20638C36002AD5A7 /* Resources */ = {
			isa = PBXResourcesBuildPhase;
			buildActionMask = 2147483647;
			files = (
				783321E1207F508900E94998 /* InfoView.xib in Resources */,
				78294C5C20638C36002AD5A7 /* LaunchScreen.storyboard in Resources */,
				78294C5920638C36002AD5A7 /* Assets.xcassets in Resources */,
				783321E620806E1300E94998 /* TestViewController.storyboard in Resources */,
			);
			runOnlyForDeploymentPostprocessing = 0;
		};
/* End PBXResourcesBuildPhase section */

/* Begin PBXShellScriptBuildPhase section */
		1F663F7834D7D6E796573256 /* [CP] Embed Pods Frameworks */ = {
			isa = PBXShellScriptBuildPhase;
			buildActionMask = 2147483647;
			files = (
			);
			inputPaths = (
				"${SRCROOT}/Pods/Target Support Files/Pods-SwiftBaseProject/Pods-SwiftBaseProject-frameworks.sh",
				"${BUILT_PRODUCTS_DIR}/Alamofire/Alamofire.framework",
				"${BUILT_PRODUCTS_DIR}/AlamofireNetworkActivityIndicator/AlamofireNetworkActivityIndicator.framework",
				"${BUILT_PRODUCTS_DIR}/KeychainAccess/KeychainAccess.framework",
				"${BUILT_PRODUCTS_DIR}/Kingfisher/Kingfisher.framework",
				"${BUILT_PRODUCTS_DIR}/MBProgressHUD/MBProgressHUD.framework",
			);
			name = "[CP] Embed Pods Frameworks";
			outputPaths = (
				"${TARGET_BUILD_DIR}/${FRAMEWORKS_FOLDER_PATH}/Alamofire.framework",
				"${TARGET_BUILD_DIR}/${FRAMEWORKS_FOLDER_PATH}/AlamofireNetworkActivityIndicator.framework",
				"${TARGET_BUILD_DIR}/${FRAMEWORKS_FOLDER_PATH}/KeychainAccess.framework",
				"${TARGET_BUILD_DIR}/${FRAMEWORKS_FOLDER_PATH}/Kingfisher.framework",
				"${TARGET_BUILD_DIR}/${FRAMEWORKS_FOLDER_PATH}/MBProgressHUD.framework",
			);
			runOnlyForDeploymentPostprocessing = 0;
			shellPath = /bin/sh;
			shellScript = "\"${SRCROOT}/Pods/Target Support Files/Pods-SwiftBaseProject/Pods-SwiftBaseProject-frameworks.sh\"\n";
			showEnvVarsInLog = 0;
		};
		2BA43F0F25087BC6FEDBCD0B /* [CP] Check Pods Manifest.lock */ = {
			isa = PBXShellScriptBuildPhase;
			buildActionMask = 2147483647;
			files = (
			);
			inputPaths = (
				"${PODS_PODFILE_DIR_PATH}/Podfile.lock",
				"${PODS_ROOT}/Manifest.lock",
			);
			name = "[CP] Check Pods Manifest.lock";
			outputPaths = (
				"$(DERIVED_FILE_DIR)/Pods-SwiftBaseProject-checkManifestLockResult.txt",
			);
			runOnlyForDeploymentPostprocessing = 0;
			shellPath = /bin/sh;
			shellScript = "diff \"${PODS_PODFILE_DIR_PATH}/Podfile.lock\" \"${PODS_ROOT}/Manifest.lock\" > /dev/null\nif [ $? != 0 ] ; then\n    # print error to STDERR\n    echo \"error: The sandbox is not in sync with the Podfile.lock. Run 'pod install' or update your CocoaPods installation.\" >&2\n    exit 1\nfi\n# This output is used by Xcode 'outputs' to avoid re-running this script phase.\necho \"SUCCESS\" > \"${SCRIPT_OUTPUT_FILE_0}\"\n";
			showEnvVarsInLog = 0;
		};
		A85390A29FD49C0DA3267655 /* [CP] Copy Pods Resources */ = {
			isa = PBXShellScriptBuildPhase;
			buildActionMask = 2147483647;
			files = (
			);
			inputPaths = (
			);
			name = "[CP] Copy Pods Resources";
			outputPaths = (
			);
			runOnlyForDeploymentPostprocessing = 0;
			shellPath = /bin/sh;
			shellScript = "\"${SRCROOT}/Pods/Target Support Files/Pods-SwiftBaseProject/Pods-SwiftBaseProject-resources.sh\"\n";
			showEnvVarsInLog = 0;
		};
/* End PBXShellScriptBuildPhase section */

/* Begin PBXSourcesBuildPhase section */
		78294C4A20638C36002AD5A7 /* Sources */ = {
			isa = PBXSourcesBuildPhase;
			buildActionMask = 2147483647;
			files = (
				78294CAE20638D44002AD5A7 /* FSE+UITextField.swift in Sources */,
				78294CA820638D44002AD5A7 /* FSE+UIAlertView.swift in Sources */,
				78294CA920638D44002AD5A7 /* FSE+UIButton.swift in Sources */,
				78294CA420638D44002AD5A7 /* FSE+Enumerations.swift in Sources */,
				78294C8620638CB7002AD5A7 /* UIViewController+Keyboard.swift in Sources */,
				78294C8520638CB7002AD5A7 /* UIViewController+Extension.swift in Sources */,
				78294CE1206399C4002AD5A7 /* UserDefaultManager.swift in Sources */,
				78294CAB20638D44002AD5A7 /* FSE+UIImage.swift in Sources */,
				78294CA220638D44002AD5A7 /* FSE+Dictionary.swift in Sources */,
				78294CC120639200002AD5A7 /* APIRequest.swift in Sources */,
				78294C8220638CB7002AD5A7 /* UINavigationController+Extensions.swift in Sources */,
				78294CAC20638D44002AD5A7 /* FSE+UIScrollView.swift in Sources */,
				78294CDA206397C5002AD5A7 /* ErrorResponseModel.swift in Sources */,
				78294CBF20639200002AD5A7 /* AccessTokenAdapter.swift in Sources */,
				78294C8720638CB7002AD5A7 /* UIWindows+Extension.swift in Sources */,
				78294C5220638C36002AD5A7 /* AppDelegate.swift in Sources */,
				78294C8420638CB7002AD5A7 /* UIView+Extension.swift in Sources */,
				78294CAD20638D44002AD5A7 /* FSE+UITableView.swift in Sources */,
				78294CB220638D44002AD5A7 /* FSHelpersAutolayout.swift in Sources */,
				783321D7207F49AF00E94998 /* TaskListRequestModel.swift in Sources */,
				78294CAF20638D44002AD5A7 /* FSE+UITextView.swift in Sources */,
				78294CDC206397F5002AD5A7 /* FieldError.swift in Sources */,
				78294C7920638CB7002AD5A7 /* Date+Extension.swift in Sources */,
				78294CD72063977E002AD5A7 /* APIModel.swift in Sources */,
				78294CD32063946E002AD5A7 /* ColorPalette.swift in Sources */,
				78294CD42063946E002AD5A7 /* KeychainHelper.swift in Sources */,
				78294CE820639E69002AD5A7 /* Constants.swift in Sources */,
				78294C7820638CB7002AD5A7 /* Collection+Extension.swift in Sources */,
				78294CB420638D44002AD5A7 /* Logger.swift in Sources */,
				78294CA520638D44002AD5A7 /* FSE+NSDate.swift in Sources */,
				78294CB120638D44002AD5A7 /* FSHelpers.swift in Sources */,
				783321D5207F495B00E94998 /* RequestModel.swift in Sources */,
				783321D3207F492B00E94998 /* TaskService.swift in Sources */,
				78294C7E20638CB7002AD5A7 /* UIDevice+Extension.swift in Sources */,
				78294CEB20639F8F002AD5A7 /* TaskRouter.swift in Sources */,
				78294C8320638CB7002AD5A7 /* UIStoryboard+Extension.swift in Sources */,
				78294CD22063946E002AD5A7 /* ApperanceProxyHelper.swift in Sources */,
				78294CBE20639200002AD5A7 /* ReachabilityManager.swift in Sources */,
				78294CB020638D44002AD5A7 /* FSE+UIView.swift in Sources */,
				78294C7C20638CB7002AD5A7 /* UIAlertController+Extensions.swift in Sources */,
				78294CB720638D7E002AD5A7 /* BaseViewController.swift in Sources */,
				78294CA120638D44002AD5A7 /* FSE+Array.swift in Sources */,
				78294C7B20638CB7002AD5A7 /* String+Extension.swift in Sources */,
				78294C8020638CB7002AD5A7 /* UIImageView+Extension.swift in Sources */,
				783321E32080695400E94998 /* APIClient.swift in Sources */,
				78294CAA20638D44002AD5A7 /* FSE+UIColor.swift in Sources */,
				783321DB207F4AAC00E94998 /* TasksListResponseModel.swift in Sources */,
				78294CB320638D44002AD5A7 /* FSKeyboardScrollSupport.swift in Sources */,
				78294CDE206398CC002AD5A7 /* MyApplication.swift in Sources */,
				783321E0207F508900E94998 /* InfoView.swift in Sources */,
				78294C7720638CB7002AD5A7 /* Array+Extension.swift in Sources */,
				78294CA320638D44002AD5A7 /* FSE+Double.swift in Sources */,
				78294CD52063946E002AD5A7 /* Utils.swift in Sources */,
				78294CA620638D44002AD5A7 /* FSE+NSObject.swift in Sources */,
				783321E820806E2E00E94998 /* TestViewController.swift in Sources */,
				78294CA720638D44002AD5A7 /* FSE+String.swift in Sources */,
				78294C7D20638CB7002AD5A7 /* UIColor+Extension.swift in Sources */,
				78294CC020639200002AD5A7 /* APIError.swift in Sources */,
			);
			runOnlyForDeploymentPostprocessing = 0;
		};
/* End PBXSourcesBuildPhase section */

/* Begin PBXVariantGroup section */
		78294C5A20638C36002AD5A7 /* LaunchScreen.storyboard */ = {
			isa = PBXVariantGroup;
			children = (
				78294C5B20638C36002AD5A7 /* Base */,
			);
			name = LaunchScreen.storyboard;
			sourceTree = "<group>";
		};
/* End PBXVariantGroup section */

/* Begin XCBuildConfiguration section */
		78294C5E20638C36002AD5A7 /* Debug */ = {
			isa = XCBuildConfiguration;
			buildSettings = {
				ALWAYS_SEARCH_USER_PATHS = NO;
				APP_DISPLAY_NAME = "";
				CLANG_ANALYZER_NONNULL = YES;
				CLANG_ANALYZER_NUMBER_OBJECT_CONVERSION = YES_AGGRESSIVE;
				CLANG_CXX_LANGUAGE_STANDARD = "gnu++14";
				CLANG_CXX_LIBRARY = "libc++";
				CLANG_ENABLE_MODULES = YES;
				CLANG_ENABLE_OBJC_ARC = YES;
				CLANG_WARN_BLOCK_CAPTURE_AUTORELEASING = YES;
				CLANG_WARN_BOOL_CONVERSION = YES;
				CLANG_WARN_COMMA = YES;
				CLANG_WARN_CONSTANT_CONVERSION = YES;
				CLANG_WARN_DIRECT_OBJC_ISA_USAGE = YES_ERROR;
				CLANG_WARN_DOCUMENTATION_COMMENTS = YES;
				CLANG_WARN_EMPTY_BODY = YES;
				CLANG_WARN_ENUM_CONVERSION = YES;
				CLANG_WARN_INFINITE_RECURSION = YES;
				CLANG_WARN_INT_CONVERSION = YES;
				CLANG_WARN_NON_LITERAL_NULL_CONVERSION = YES;
				CLANG_WARN_OBJC_LITERAL_CONVERSION = YES;
				CLANG_WARN_OBJC_ROOT_CLASS = YES_ERROR;
				CLANG_WARN_RANGE_LOOP_ANALYSIS = YES;
				CLANG_WARN_STRICT_PROTOTYPES = YES;
				CLANG_WARN_SUSPICIOUS_MOVE = YES;
				CLANG_WARN_UNGUARDED_AVAILABILITY = YES_AGGRESSIVE;
				CLANG_WARN_UNREACHABLE_CODE = YES;
				CLANG_WARN__DUPLICATE_METHOD_MATCH = YES;
				CODE_SIGN_IDENTITY = "iPhone Developer";
				COPY_PHASE_STRIP = NO;
				DEBUG_INFORMATION_FORMAT = dwarf;
				ENABLE_STRICT_OBJC_MSGSEND = YES;
				ENABLE_TESTABILITY = YES;
				GCC_C_LANGUAGE_STANDARD = gnu11;
				GCC_DYNAMIC_NO_PIC = NO;
				GCC_NO_COMMON_BLOCKS = YES;
				GCC_OPTIMIZATION_LEVEL = 0;
				GCC_PREPROCESSOR_DEFINITIONS = (
					"DEBUG=1",
					"$(inherited)",
				);
				GCC_WARN_64_TO_32_BIT_CONVERSION = YES;
				GCC_WARN_ABOUT_RETURN_TYPE = YES_ERROR;
				GCC_WARN_UNDECLARED_SELECTOR = YES;
				GCC_WARN_UNINITIALIZED_AUTOS = YES_AGGRESSIVE;
				GCC_WARN_UNUSED_FUNCTION = YES;
				GCC_WARN_UNUSED_VARIABLE = YES;
				IPHONEOS_DEPLOYMENT_TARGET = 11.2;
				MTL_ENABLE_DEBUG_INFO = YES;
				MY_API_BASE_URL_ENDPOINT = "";
				ONLY_ACTIVE_ARCH = YES;
				SDKROOT = iphoneos;
				SWIFT_ACTIVE_COMPILATION_CONDITIONS = DEBUG;
				SWIFT_OPTIMIZATION_LEVEL = "-Onone";
			};
			name = Debug;
		};
		78294C5F20638C36002AD5A7 /* Release */ = {
			isa = XCBuildConfiguration;
			buildSettings = {
				ALWAYS_SEARCH_USER_PATHS = NO;
				APP_DISPLAY_NAME = "";
				CLANG_ANALYZER_NONNULL = YES;
				CLANG_ANALYZER_NUMBER_OBJECT_CONVERSION = YES_AGGRESSIVE;
				CLANG_CXX_LANGUAGE_STANDARD = "gnu++14";
				CLANG_CXX_LIBRARY = "libc++";
				CLANG_ENABLE_MODULES = YES;
				CLANG_ENABLE_OBJC_ARC = YES;
				CLANG_WARN_BLOCK_CAPTURE_AUTORELEASING = YES;
				CLANG_WARN_BOOL_CONVERSION = YES;
				CLANG_WARN_COMMA = YES;
				CLANG_WARN_CONSTANT_CONVERSION = YES;
				CLANG_WARN_DIRECT_OBJC_ISA_USAGE = YES_ERROR;
				CLANG_WARN_DOCUMENTATION_COMMENTS = YES;
				CLANG_WARN_EMPTY_BODY = YES;
				CLANG_WARN_ENUM_CONVERSION = YES;
				CLANG_WARN_INFINITE_RECURSION = YES;
				CLANG_WARN_INT_CONVERSION = YES;
				CLANG_WARN_NON_LITERAL_NULL_CONVERSION = YES;
				CLANG_WARN_OBJC_LITERAL_CONVERSION = YES;
				CLANG_WARN_OBJC_ROOT_CLASS = YES_ERROR;
				CLANG_WARN_RANGE_LOOP_ANALYSIS = YES;
				CLANG_WARN_STRICT_PROTOTYPES = YES;
				CLANG_WARN_SUSPICIOUS_MOVE = YES;
				CLANG_WARN_UNGUARDED_AVAILABILITY = YES_AGGRESSIVE;
				CLANG_WARN_UNREACHABLE_CODE = YES;
				CLANG_WARN__DUPLICATE_METHOD_MATCH = YES;
				CODE_SIGN_IDENTITY = "iPhone Developer";
				COPY_PHASE_STRIP = NO;
				DEBUG_INFORMATION_FORMAT = "dwarf-with-dsym";
				ENABLE_NS_ASSERTIONS = NO;
				ENABLE_STRICT_OBJC_MSGSEND = YES;
				GCC_C_LANGUAGE_STANDARD = gnu11;
				GCC_NO_COMMON_BLOCKS = YES;
				GCC_WARN_64_TO_32_BIT_CONVERSION = YES;
				GCC_WARN_ABOUT_RETURN_TYPE = YES_ERROR;
				GCC_WARN_UNDECLARED_SELECTOR = YES;
				GCC_WARN_UNINITIALIZED_AUTOS = YES_AGGRESSIVE;
				GCC_WARN_UNUSED_FUNCTION = YES;
				GCC_WARN_UNUSED_VARIABLE = YES;
				IPHONEOS_DEPLOYMENT_TARGET = 11.2;
				MTL_ENABLE_DEBUG_INFO = NO;
				MY_API_BASE_URL_ENDPOINT = "";
				SDKROOT = iphoneos;
				SWIFT_ACTIVE_COMPILATION_CONDITIONS = RELEASE;
				SWIFT_OPTIMIZATION_LEVEL = "-Owholemodule";
				VALIDATE_PRODUCT = YES;
			};
			name = Release;
		};
		78294C6120638C36002AD5A7 /* Debug */ = {
			isa = XCBuildConfiguration;
			baseConfigurationReference = 3E980DD57A44AC43E81CECDD /* Pods-SwiftBaseProject.debug.xcconfig */;
			buildSettings = {
				ASSETCATALOG_COMPILER_APPICON_NAME = AppIcon;
				CODE_SIGN_STYLE = Automatic;
				INFOPLIST_FILE = "$(SRCROOT)/SwiftBaseProject/Supporting/Info.plist";
				IPHONEOS_DEPLOYMENT_TARGET = 9.0;
				LD_RUNPATH_SEARCH_PATHS = "$(inherited) @executable_path/Frameworks";
				PRODUCT_BUNDLE_IDENTIFIER = com.huylh.SwiftBaseProject;
				PRODUCT_NAME = "$(TARGET_NAME)";
				SWIFT_VERSION = 4.0;
				TARGETED_DEVICE_FAMILY = "1,2";
			};
			name = Debug;
		};
		78294C6220638C36002AD5A7 /* Release */ = {
			isa = XCBuildConfiguration;
			baseConfigurationReference = 805524EA637782B237CB90E1 /* Pods-SwiftBaseProject.release.xcconfig */;
			buildSettings = {
				ASSETCATALOG_COMPILER_APPICON_NAME = AppIcon;
				CODE_SIGN_STYLE = Automatic;
				INFOPLIST_FILE = "$(SRCROOT)/SwiftBaseProject/Supporting/Info.plist";
				IPHONEOS_DEPLOYMENT_TARGET = 9.0;
				LD_RUNPATH_SEARCH_PATHS = "$(inherited) @executable_path/Frameworks";
				PRODUCT_BUNDLE_IDENTIFIER = com.huylh.SwiftBaseProject;
				PRODUCT_NAME = "$(TARGET_NAME)";
				SWIFT_VERSION = 4.0;
				TARGETED_DEVICE_FAMILY = "1,2";
			};
			name = Release;
		};
		78294CE420639B4A002AD5A7 /* Staging */ = {
			isa = XCBuildConfiguration;
			buildSettings = {
				ALWAYS_SEARCH_USER_PATHS = NO;
				APP_DISPLAY_NAME = "";
				CLANG_ANALYZER_NONNULL = YES;
				CLANG_ANALYZER_NUMBER_OBJECT_CONVERSION = YES_AGGRESSIVE;
				CLANG_CXX_LANGUAGE_STANDARD = "gnu++14";
				CLANG_CXX_LIBRARY = "libc++";
				CLANG_ENABLE_MODULES = YES;
				CLANG_ENABLE_OBJC_ARC = YES;
				CLANG_WARN_BLOCK_CAPTURE_AUTORELEASING = YES;
				CLANG_WARN_BOOL_CONVERSION = YES;
				CLANG_WARN_COMMA = YES;
				CLANG_WARN_CONSTANT_CONVERSION = YES;
				CLANG_WARN_DIRECT_OBJC_ISA_USAGE = YES_ERROR;
				CLANG_WARN_DOCUMENTATION_COMMENTS = YES;
				CLANG_WARN_EMPTY_BODY = YES;
				CLANG_WARN_ENUM_CONVERSION = YES;
				CLANG_WARN_INFINITE_RECURSION = YES;
				CLANG_WARN_INT_CONVERSION = YES;
				CLANG_WARN_NON_LITERAL_NULL_CONVERSION = YES;
				CLANG_WARN_OBJC_LITERAL_CONVERSION = YES;
				CLANG_WARN_OBJC_ROOT_CLASS = YES_ERROR;
				CLANG_WARN_RANGE_LOOP_ANALYSIS = YES;
				CLANG_WARN_STRICT_PROTOTYPES = YES;
				CLANG_WARN_SUSPICIOUS_MOVE = YES;
				CLANG_WARN_UNGUARDED_AVAILABILITY = YES_AGGRESSIVE;
				CLANG_WARN_UNREACHABLE_CODE = YES;
				CLANG_WARN__DUPLICATE_METHOD_MATCH = YES;
				CODE_SIGN_IDENTITY = "iPhone Developer";
				COPY_PHASE_STRIP = NO;
				DEBUG_INFORMATION_FORMAT = "dwarf-with-dsym";
				ENABLE_NS_ASSERTIONS = NO;
				ENABLE_STRICT_OBJC_MSGSEND = YES;
				GCC_C_LANGUAGE_STANDARD = gnu11;
				GCC_NO_COMMON_BLOCKS = YES;
				GCC_WARN_64_TO_32_BIT_CONVERSION = YES;
				GCC_WARN_ABOUT_RETURN_TYPE = YES_ERROR;
				GCC_WARN_UNDECLARED_SELECTOR = YES;
				GCC_WARN_UNINITIALIZED_AUTOS = YES_AGGRESSIVE;
				GCC_WARN_UNUSED_FUNCTION = YES;
				GCC_WARN_UNUSED_VARIABLE = YES;
				IPHONEOS_DEPLOYMENT_TARGET = 11.2;
				MTL_ENABLE_DEBUG_INFO = NO;
				MY_API_BASE_URL_ENDPOINT = "";
				SDKROOT = iphoneos;
				SWIFT_ACTIVE_COMPILATION_CONDITIONS = STAGING;
				SWIFT_OPTIMIZATION_LEVEL = "-Owholemodule";
				VALIDATE_PRODUCT = YES;
			};
			name = Staging;
		};
		78294CE520639B4A002AD5A7 /* Staging */ = {
			isa = XCBuildConfiguration;
			baseConfigurationReference = 79A2F0EEA169101479450D39 /* Pods-SwiftBaseProject.staging.xcconfig */;
			buildSettings = {
				ASSETCATALOG_COMPILER_APPICON_NAME = AppIcon;
				CODE_SIGN_STYLE = Automatic;
				INFOPLIST_FILE = "$(SRCROOT)/SwiftBaseProject/Supporting/Info.plist";
				IPHONEOS_DEPLOYMENT_TARGET = 9.0;
				LD_RUNPATH_SEARCH_PATHS = "$(inherited) @executable_path/Frameworks";
				PRODUCT_BUNDLE_IDENTIFIER = com.huylh.SwiftBaseProject;
				PRODUCT_NAME = "$(TARGET_NAME)";
				SWIFT_VERSION = 4.0;
				TARGETED_DEVICE_FAMILY = "1,2";
			};
			name = Staging;
		};
/* End XCBuildConfiguration section */

/* Begin XCConfigurationList section */
		78294C4920638C36002AD5A7 /* Build configuration list for PBXProject "SwiftBaseProject" */ = {
			isa = XCConfigurationList;
			buildConfigurations = (
				78294C5E20638C36002AD5A7 /* Debug */,
				78294C5F20638C36002AD5A7 /* Release */,
				78294CE420639B4A002AD5A7 /* Staging */,
			);
			defaultConfigurationIsVisible = 0;
			defaultConfigurationName = Release;
		};
		78294C6020638C36002AD5A7 /* Build configuration list for PBXNativeTarget "SwiftBaseProject" */ = {
			isa = XCConfigurationList;
			buildConfigurations = (
				78294C6120638C36002AD5A7 /* Debug */,
				78294C6220638C36002AD5A7 /* Release */,
				78294CE520639B4A002AD5A7 /* Staging */,
			);
			defaultConfigurationIsVisible = 0;
			defaultConfigurationName = Release;
		};
/* End XCConfigurationList section */
	};
	rootObject = 78294C4620638C36002AD5A7 /* Project object */;
}
